
Microsoft Visual Studio Solution File, Format Version 12.00
# Visual Studio Version 16
VisualStudioVersion = 16.0.30711.63
MinimumVisualStudioVersion = 10.0.40219.1
Project("{9A19103F-16F7-4668-BE54-9A1E7A4F7556}") = "BlazorExperiments.Server", "BlazorExperiments\Server\BlazorExperiments.Server.csproj", "{20665347-9AEE-4970-AFB5-49245BAB3AC7}"
EndProject
Project("{9A19103F-16F7-4668-BE54-9A1E7A4F7556}") = "BlazorExperiments.Client", "BlazorExperiments\Client\BlazorExperiments.Client.csproj", "{FC295E26-1D71-4591-89C3-469AE7B51C05}"
EndProject
Project("{9A19103F-16F7-4668-BE54-9A1E7A4F7556}") = "BlazorExperiments.Shared", "BlazorExperiments\Shared\BlazorExperiments.Shared.csproj", "{F29027F0-F7C3-4D3C-9CC9-BD19F773FF8C}"
EndProject
Global
	GlobalSection(SolutionConfigurationPlatforms) = preSolution
		Debug|Any CPU = Debug|Any CPU
		Release|Any CPU = Release|Any CPU
	EndGlobalSection
	GlobalSection(ProjectConfigurationPlatforms) = postSolution
		{20665347-9AEE-4970-AFB5-49245BAB3AC7}.Debug|Any CPU.ActiveCfg = Debug|Any CPU
		{20665347-9AEE-4970-AFB5-49245BAB3AC7}.Debug|Any CPU.Build.0 = Debug|Any CPU
		{20665347-9AEE-4970-AFB5-49245BAB3AC7}.Release|Any CPU.ActiveCfg = Release|Any CPU
		{20665347-9AEE-4970-AFB5-49245BAB3AC7}.Release|Any CPU.Build.0 = Release|Any CPU
		{FC295E26-1D71-4591-89C3-469AE7B51C05}.Debug|Any CPU.ActiveCfg = Debug|Any CPU
		{FC295E26-1D71-4591-89C3-469AE7B51C05}.Debug|Any CPU.Build.0 = Debug|Any CPU
		{FC295E26-1D71-4591-89C3-469AE7B51C05}.Release|Any CPU.ActiveCfg = Release|Any CPU
		{FC295E26-1D71-4591-89C3-469AE7B51C05}.Release|Any CPU.Build.0 = Release|Any CPU
		{F29027F0-F7C3-4D3C-9CC9-BD19F773FF8C}.Debug|Any CPU.ActiveCfg = Debug|Any CPU
		{F29027F0-F7C3-4D3C-9CC9-BD19F773FF8C}.Debug|Any CPU.Build.0 = Debug|Any CPU
		{F29027F0-F7C3-4D3C-9CC9-BD19F773FF8C}.Release|Any CPU.ActiveCfg = Release|Any CPU
		{F29027F0-F7C3-4D3C-9CC9-BD19F773FF8C}.Release|Any CPU.Build.0 = Release|Any CPU
	EndGlobalSection
	GlobalSection(SolutionProperties) = preSolution
		HideSolutionNode = FALSE
	EndGlobalSection
	GlobalSection(ExtensibilityGlobals) = postSolution
		SolutionGuid = {BBC4090B-BCB4-48D6-9289-E931555C158A}
	EndGlobalSection
EndGlobal
